// !$*UTF8*$!
{
	archiveVersion = 1;
	classes = {
	};
	objectVersion = 50;
	objects = {

/* Begin PBXBuildFile section */
		7C2FBCD12461664100599CAA /* AppDelegate.swift in Sources */ = {isa = PBXBuildFile; fileRef = 7C2FBCD02461664100599CAA /* AppDelegate.swift */; };
		7C2FBCD32461664100599CAA /* ViewController.swift in Sources */ = {isa = PBXBuildFile; fileRef = 7C2FBCD22461664100599CAA /* ViewController.swift */; };
		7C2FBCD62461664100599CAA /* Main.storyboard in Resources */ = {isa = PBXBuildFile; fileRef = 7C2FBCD42461664100599CAA /* Main.storyboard */; };
		7C2FBCD92461664100599CAA /* Quzzier.xcdatamodeld in Sources */ = {isa = PBXBuildFile; fileRef = 7C2FBCD72461664100599CAA /* Quzzier.xcdatamodeld */; };
		7C2FBCDB2461664100599CAA /* Assets.xcassets in Resources */ = {isa = PBXBuildFile; fileRef = 7C2FBCDA2461664100599CAA /* Assets.xcassets */; };
		7C2FBCDE2461664100599CAA /* LaunchScreen.storyboard in Resources */ = {isa = PBXBuildFile; fileRef = 7C2FBCDC2461664100599CAA /* LaunchScreen.storyboard */; };
/* End PBXBuildFile section */

/* Begin PBXFileReference section */
		7C2FBCCD2461664000599CAA /* Quzzier.app */ = {isa = PBXFileReference; explicitFileType = wrapper.application; includeInIndex = 0; path = Quzzier.app; sourceTree = BUILT_PRODUCTS_DIR; };
		7C2FBCD02461664100599CAA /* AppDelegate.swift */ = {isa = PBXFileReference; lastKnownFileType = sourcecode.swift; path = AppDelegate.swift; sourceTree = "<group>"; };
		7C2FBCD22461664100599CAA /* ViewController.swift */ = {isa = PBXFileReference; lastKnownFileType = sourcecode.swift; path = ViewController.swift; sourceTree = "<group>"; };
		7C2FBCD52461664100599CAA /* Base */ = {isa = PBXFileReference; lastKnownFileType = file.storyboard; name = Base; path = Base.lproj/Main.storyboard; sourceTree = "<group>"; };
		7C2FBCD82461664100599CAA /* Quzzier.xcdatamodel */ = {isa = PBXFileReference; lastKnownFileType = wrapper.xcdatamodel; path = Quzzier.xcdatamodel; sourceTree = "<group>"; };
		7C2FBCDA2461664100599CAA /* Assets.xcassets */ = {isa = PBXFileReference; lastKnownFileType = folder.assetcatalog; path = Assets.xcassets; sourceTree = "<group>"; };
		7C2FBCDD2461664100599CAA /* Base */ = {isa = PBXFileReference; lastKnownFileType = file.storyboard; name = Base; path = Base.lproj/LaunchScreen.storyboard; sourceTree = "<group>"; };
		7C2FBCDF2461664100599CAA /* Info.plist */ = {isa = PBXFileReference; lastKnownFileType = text.plist.xml; path = Info.plist; sourceTree = "<group>"; };
/* End PBXFileReference section */

/* Begin PBXFrameworksBuildPhase section */
		7C2FBCCA2461664000599CAA /* Frameworks */ = {
			isa = PBXFrameworksBuildPhase;
			buildActionMask = 2147483647;
			files = (
			);
			runOnlyForDeploymentPostprocessing = 0;
		};
/* End PBXFrameworksBuildPhase section */

/* Begin PBXGroup section */
		7C2FBCC42461664000599CAA = {
			isa = PBXGroup;
			children = (
				7C2FBCCF2461664100599CAA /* Quzzier */,
				7C2FBCCE2461664000599CAA /* Products */,
			);
			sourceTree = "<group>";
		};
		7C2FBCCE2461664000599CAA /* Products */ = {
			isa = PBXGroup;
			children = (
				7C2FBCCD2461664000599CAA /* Quzzier.app */,
			);
			name = Products;
			sourceTree = "<group>";
		};
		7C2FBCCF2461664100599CAA /* Quzzier */ = {
			isa = PBXGroup;
			children = (
				7C2FBCD02461664100599CAA /* AppDelegate.swift */,
				7C2FBCD22461664100599CAA /* ViewController.swift */,
				7C2FBCD42461664100599CAA /* Main.storyboard */,
				7C2FBCDA2461664100599CAA /* Assets.xcassets */,
				7C2FBCDC2461664100599CAA /* LaunchScreen.storyboard */,
				7C2FBCDF2461664100599CAA /* Info.plist */,
				7C2FBCD72461664100599CAA /* Quzzier.xcdatamodeld */,
			);
			path = Quzzier;
			sourceTree = "<group>";
		};
/* End PBXGroup section */

/* Begin PBXNativeTarget section */
		7C2FBCCC2461664000599CAA /* Quzzier */ = {
			isa = PBXNativeTarget;
			buildConfigurationList = 7C2FBCE22461664100599CAA /* Build configuration list for PBXNativeTarget "Quzzier" */;
			buildPhases = (
				7C2FBCC92461664000599CAA /* Sources */,
				7C2FBCCA2461664000599CAA /* Frameworks */,
				7C2FBCCB2461664000599CAA /* Resources */,
			);
			buildRules = (
			);
			dependencies = (
			);
			name = Quzzier;
			productName = Quzzier;
			productReference = 7C2FBCCD2461664000599CAA /* Quzzier.app */;
			productType = "com.apple.product-type.application";
		};
/* End PBXNativeTarget section */

/* Begin PBXProject section */
		7C2FBCC52461664000599CAA /* Project object */ = {
			isa = PBXProject;
			attributes = {
				LastSwiftUpdateCheck = 1030;
				LastUpgradeCheck = 1030;
				ORGANIZATIONNAME = joseph_Eagles;
				TargetAttributes = {
					7C2FBCCC2461664000599CAA = {
						CreatedOnToolsVersion = 10.3;
					};
				};
			};
			buildConfigurationList = 7C2FBCC82461664000599CAA /* Build configuration list for PBXProject "Quzzier" */;
			compatibilityVersion = "Xcode 9.3";
			developmentRegion = en;
			hasScannedForEncodings = 0;
			knownRegions = (
				en,
				Base,
			);
			mainGroup = 7C2FBCC42461664000599CAA;
			productRefGroup = 7C2FBCCE2461664000599CAA /* Products */;
			projectDirPath = "";
			projectRoot = "";
			targets = (
				7C2FBCCC2461664000599CAA /* Quzzier */,
			);
		};
/* End PBXProject section */

/* Begin PBXResourcesBuildPhase section */
		7C2FBCCB2461664000599CAA /* Resources */ = {
			isa = PBXResourcesBuildPhase;
			buildActionMask = 2147483647;
			files = (
				7C2FBCDE2461664100599CAA /* LaunchScreen.storyboard in Resources */,
				7C2FBCDB2461664100599CAA /* Assets.xcassets in Resources */,
				7C2FBCD62461664100599CAA /* Main.storyboard in Resources */,
			);
			runOnlyForDeploymentPostprocessing = 0;
		};
/* End PBXResourcesBuildPhase section */

/* Begin PBXSourcesBuildPhase section */
		7C2FBCC92461664000599CAA /* Sources */ = {
			isa = PBXSourcesBuildPhase;
			buildActionMask = 2147483647;
			files = (
				7C2FBCD92461664100599CAA /* Quzzier.xcdatamodeld in Sources */,
				7C2FBCD32461664100599CAA /* ViewController.swift in Sources */,
				7C2FBCD12461664100599CAA /* AppDelegate.swift in Sources */,
			);
			runOnlyForDeploymentPostprocessing = 0;
		};
/* End PBXSourcesBuildPhase section */

/* Begin PBXVariantGroup section */
		7C2FBCD42461664100599CAA /* Main.storyboard */ = {
			isa = PBXVariantGroup;
			children = (
				7C2FBCD52461664100599CAA /* Base */,
			);
			name = Main.storyboard;
			sourceTree = "<group>";
		};
		7C2FBCDC2461664100599CAA /* LaunchScreen.storyboard */ = {
			isa = PBXVariantGroup;
			children = (
				7C2FBCDD2461664100599CAA /* Base */,
			);
			name = LaunchScreen.storyboard;
			sourceTree = "<group>";
		};
/* End PBXVariantGroup section */

/* Begin XCBuildConfiguration section */
		7C2FBCE02461664100599CAA /* Debug */ = {
			isa = XCBuildConfiguration;
			buildSettings = {
				ALWAYS_SEARCH_USER_PATHS = NO;
				CLANG_ANALYZER_NONNULL = YES;
				CLANG_ANALYZER_NUMBER_OBJECT_CONVERSION = YES_AGGRESSIVE;
				CLANG_CXX_LANGUAGE_STANDARD = "gnu++14";
				CLANG_CXX_LIBRARY = "libc++";
				CLANG_ENABLE_MODULES = YES;
				CLANG_ENABLE_OBJC_ARC = YES;
				CLANG_ENABLE_OBJC_WEAK = YES;
				CLANG_WARN_BLOCK_CAPTURE_AUTORELEASING = YES;
				CLANG_WARN_BOOL_CONVERSION = YES;
				CLANG_WARN_COMMA = YES;
				CLANG_WARN_CONSTANT_CONVERSION = YES;
				CLANG_WARN_DEPRECATED_OBJC_IMPLEMENTATIONS = YES;
				CLANG_WARN_DIRECT_OBJC_ISA_USAGE = YES_ERROR;
				CLANG_WARN_DOCUMENTATION_COMMENTS = YES;
				CLANG_WARN_EMPTY_BODY = YES;
				CLANG_WARN_ENUM_CONVERSION = YES;
				CLANG_WARN_INFINITE_RECURSION = YES;
				CLANG_WARN_INT_CONVERSION = YES;
				CLANG_WARN_NON_LITERAL_NULL_CONVERSION = YES;
				CLANG_WARN_OBJC_IMPLICIT_RETAIN_SELF = YES;
				CLANG_WARN_OBJC_LITERAL_CONVERSION = YES;
				CLANG_WARN_OBJC_ROOT_CLASS = YES_ERROR;
				CLANG_WARN_RANGE_LOOP_ANALYSIS = YES;
				CLANG_WARN_STRICT_PROTOTYPES = YES;
				CLANG_WARN_SUSPICIOUS_MOVE = YES;
				CLANG_WARN_UNGUARDED_AVAILABILITY = YES_AGGRESSIVE;
				CLANG_WARN_UNREACHABLE_CODE = YES;
				CLANG_WARN__DUPLICATE_METHOD_MATCH = YES;
				CODE_SIGN_IDENTITY = "iPhone Developer";
				COPY_PHASE_STRIP = NO;
				DEBUG_INFORMATION_FORMAT = dwarf;
				ENABLE_STRICT_OBJC_MSGSEND = YES;
				ENABLE_TESTABILITY = YES;
				GCC_C_LANGUAGE_STANDARD = gnu11;
				GCC_DYNAMIC_NO_PIC = NO;
				GCC_NO_COMMON_BLOCKS = YES;
				GCC_OPTIMIZATION_LEVEL = 0;
				GCC_PREPROCESSOR_DEFINITIONS = (
					"DEBUG=1",
					"$(inherited)",
				);
				GCC_WARN_64_TO_32_BIT_CONVERSION = YES;
				GCC_WARN_ABOUT_RETURN_TYPE = YES_ERROR;
				GCC_WARN_UNDECLARED_SELECTOR = YES;
				GCC_WARN_UNINITIALIZED_AUTOS = YES_AGGRESSIVE;
				GCC_WARN_UNUSED_FUNCTION = YES;
				GCC_WARN_UNUSED_VARIABLE = YES;
				IPHONEOS_DEPLOYMENT_TARGET = 12.4;
				MTL_ENABLE_DEBUG_INFO = INCLUDE_SOURCE;
				MTL_FAST_MATH = YES;
				ONLY_ACTIVE_ARCH = YES;
				SDKROOT = iphoneos;
				SWIFT_ACTIVE_COMPILATION_CONDITIONS = DEBUG;
				SWIFT_OPTIMIZATION_LEVEL = "-Onone";
			};
			name = Debug;
		};
		7C2FBCE12461664100599CAA /* Release */ = {
			isa = XCBuildConfiguration;
			buildSettings = {
				ALWAYS_SEARCH_USER_PATHS = NO;
				CLANG_ANALYZER_NONNULL = YES;
				CLANG_ANALYZER_NUMBER_OBJECT_CONVERSION = YES_AGGRESSIVE;
				CLANG_CXX_LANGUAGE_STANDARD = "gnu++14";
				CLANG_CXX_LIBRARY = "libc++";
				CLANG_ENABLE_MODULES = YES;
				CLANG_ENABLE_OBJC_ARC = YES;
				CLANG_ENABLE_OBJC_WEAK = YES;
				CLANG_WARN_BLOCK_CAPTURE_AUTORELEASING = YES;
				CLANG_WARN_BOOL_CONVERSION = YES;
				CLANG_WARN_COMMA = YES;
				CLANG_WARN_CONSTANT_CONVERSION = YES;
				CLANG_WARN_DEPRECATED_OBJC_IMPLEMENTATIONS = YES;
				CLANG_WARN_DIRECT_OBJC_ISA_USAGE = YES_ERROR;
				CLANG_WARN_DOCUMENTATION_COMMENTS = YES;
				CLANG_WARN_EMPTY_BODY = YES;
				CLANG_WARN_ENUM_CONVERSION = YES;
				CLANG_WARN_INFINITE_RECURSION = YES;
				CLANG_WARN_INT_CONVERSION = YES;
				CLANG_WARN_NON_LITERAL_NULL_CONVERSION = YES;
				CLANG_WARN_OBJC_IMPLICIT_RETAIN_SELF = YES;
				CLANG_WARN_OBJC_LITERAL_CONVERSION = YES;
				CLANG_WARN_OBJC_ROOT_CLASS = YES_ERROR;
				CLANG_WARN_RANGE_LOOP_ANALYSIS = YES;
				CLANG_WARN_STRICT_PROTOTYPES = YES;
				CLANG_WARN_SUSPICIOUS_MOVE = YES;
				CLANG_WARN_UNGUARDED_AVAILABILITY = YES_AGGRESSIVE;
				CLANG_WARN_UNREACHABLE_CODE = YES;
				CLANG_WARN__DUPLICATE_METHOD_MATCH = YES;
				CODE_SIGN_IDENTITY = "iPhone Developer";
				COPY_PHASE_STRIP = NO;
				DEBUG_INFORMATION_FORMAT = "dwarf-with-dsym";
				ENABLE_NS_ASSERTIONS = NO;
				ENABLE_STRICT_OBJC_MSGSEND = YES;
				GCC_C_LANGUAGE_STANDARD = gnu11;
				GCC_NO_COMMON_BLOCKS = YES;
				GCC_WARN_64_TO_32_BIT_CONVERSION = YES;
				GCC_WARN_ABOUT_RETURN_TYPE = YES_ERROR;
				GCC_WARN_UNDECLARED_SELECTOR = YES;
				GCC_WARN_UNINITIALIZED_AUTOS = YES_AGGRESSIVE;
				GCC_WARN_UNUSED_FUNCTION = YES;
				GCC_WARN_UNUSED_VARIABLE = YES;
				IPHONEOS_DEPLOYMENT_TARGET = 12.4;
				MTL_ENABLE_DEBUG_INFO = NO;
				MTL_FAST_MATH = YES;
				SDKROOT = iphoneos;
				SWIFT_COMPILATION_MODE = wholemodule;
				SWIFT_OPTIMIZATION_LEVEL = "-O";
				VALIDATE_PRODUCT = YES;
			};
			name = Release;
		};
		7C2FBCE32461664100599CAA /* Debug */ = {
			isa = XCBuildConfiguration;
			buildSettings = {
				ASSETCATALOG_COMPILER_APPICON_NAME = AppIcon;
				CODE_SIGN_STYLE = Automatic;
				DEVELOPMENT_TEAM = RP896762KU;
				INFOPLIST_FILE = Quzzier/Info.plist;
				LD_RUNPATH_SEARCH_PATHS = (
					"$(inherited)",
					"@executable_path/Frameworks",
				);
				PRODUCT_BUNDLE_IDENTIFIER = EaglesGroupWork.org.Quzzier;
				PRODUCT_NAME = "$(TARGET_NAME)";
				SWIFT_VERSION = 5.0;
				TARGETED_DEVICE_FAMILY = "1,2";
			};
			name = Debug;
		};
		7C2FBCE42461664100599CAA /* Release */ = {
			isa = XCBuildConfiguration;
			buildSettings = {
				ASSETCATALOG_COMPILER_APPICON_NAME = AppIcon;
				CODE_SIGN_STYLE = Automatic;
				DEVELOPMENT_TEAM = RP896762KU;
				INFOPLIST_FILE = Quzzier/Info.plist;
				LD_RUNPATH_SEARCH_PATHS = (
					"$(inherited)",
					"@executable_path/Frameworks",
				);
				PRODUCT_BUNDLE_IDENTIFIER = EaglesGroupWork.org.Quzzier;
				PRODUCT_NAME = "$(TARGET_NAME)";
				SWIFT_VERSION = 5.0;
				TARGETED_DEVICE_FAMILY = "1,2";
			};
			name = Release;
		};
/* End XCBuildConfiguration section */

/* Begin XCConfigurationList section */
		7C2FBCC82461664000599CAA /* Build configuration list for PBXProject "Quzzier" */ = {
			isa = XCConfigurationList;
			buildConfigurations = (
				7C2FBCE02461664100599CAA /* Debug */,
				7C2FBCE12461664100599CAA /* Release */,
			);
			defaultConfigurationIsVisible = 0;
			defaultConfigurationName = Release;
		};
		7C2FBCE22461664100599CAA /* Build configuration list for PBXNativeTarget "Quzzier" */ = {
			isa = XCConfigurationList;
			buildConfigurations = (
				7C2FBCE32461664100599CAA /* Debug */,
				7C2FBCE42461664100599CAA /* Release */,
			);
			defaultConfigurationIsVisible = 0;
			defaultConfigurationName = Release;
		};
/* End XCConfigurationList section */

/* Begin XCVersionGroup section */
		7C2FBCD72461664100599CAA /* Quzzier.xcdatamodeld */ = {
			isa = XCVersionGroup;
			children = (
				7C2FBCD82461664100599CAA /* Quzzier.xcdatamodel */,
			);
			currentVersion = 7C2FBCD82461664100599CAA /* Quzzier.xcdatamodel */;
			path = Quzzier.xcdatamodeld;
			sourceTree = "<group>";
			versionGroupType = wrapper.xcdatamodel;
		};
/* End XCVersionGroup section */
	};
	rootObject = 7C2FBCC52461664000599CAA /* Project object */;
}
